
Microsoft Visual Studio Solution File, Format Version 12.00
# Visual Studio 14
VisualStudioVersion = 14.0.25420.1
MinimumVisualStudioVersion = 10.0.40219.1
Project("{FAE04EC0-301F-11D3-BF4B-00C04F79EFBC}") = "DemoPayrollWebApp", "DemoPayrollWebApp\DemoPayrollWebApp.csproj", "{A1794316-D15C-43FD-A734-7D8D5A95F8DC}"
EndProject
Project("{FAE04EC0-301F-11D3-BF4B-00C04F79EFBC}") = "EmployeeData", "EmployeeData\EmployeeData.csproj", "{31432300-D002-4040-B647-5C474372A411}"
EndProject
Global
	GlobalSection(SolutionConfigurationPlatforms) = preSolution
		Debug|Any CPU = Debug|Any CPU
		Release|Any CPU = Release|Any CPU
	EndGlobalSection
	GlobalSection(ProjectConfigurationPlatforms) = postSolution
		{A1794316-D15C-43FD-A734-7D8D5A95F8DC}.Debug|Any CPU.ActiveCfg = Debug|Any CPU
		{A1794316-D15C-43FD-A734-7D8D5A95F8DC}.Debug|Any CPU.Build.0 = Debug|Any CPU
		{A1794316-D15C-43FD-A734-7D8D5A95F8DC}.Release|Any CPU.ActiveCfg = Release|Any CPU
		{A1794316-D15C-43FD-A734-7D8D5A95F8DC}.Release|Any CPU.Build.0 = Release|Any CPU
		{31432300-D002-4040-B647-5C474372A411}.Debug|Any CPU.ActiveCfg = Debug|Any CPU
		{31432300-D002-4040-B647-5C474372A411}.Debug|Any CPU.Build.0 = Debug|Any CPU
		{31432300-D002-4040-B647-5C474372A411}.Release|Any CPU.ActiveCfg = Release|Any CPU
		{31432300-D002-4040-B647-5C474372A411}.Release|Any CPU.Build.0 = Release|Any CPU
	EndGlobalSection
	GlobalSection(SolutionProperties) = preSolution
		HideSolutionNode = FALSE
	EndGlobalSection
EndGlobal
